PODS:
  - DeviceIntelligenceIOS (1.0.1):
    - DeviceKit
    - PLCrashReporter
  - DeviceKit (5.7.0)
  - fia (0.0.1):
    - FiaIOS (~> 1.1.2)
    - Flutter
  - FiaIOS (1.1.2):
    - DeviceIntelligenceIOS
  - Flutter (1.0.0)
  - PLCrashReporter (1.12.0)

DEPENDENCIES:
  - fia (from `.symlinks/plugins/fia/ios`)
  - Flutter (from `Flutter`)

SPEC REPOS:
  trunk:
    - DeviceIntelligenceIOS
    - DeviceKit
    - FiaIOS
    - PLCrashReporter

EXTERNAL SOURCES:
  fia:
    :path: ".symlinks/plugins/fia/ios"
  Flutter:
    :path: Flutter

SPEC CHECKSUMS:
  DeviceIntelligenceIOS: c7f7d36116ff3e00511766a7ee57824c8c990a05
  DeviceKit: d1a956e25b957efb60a87bfe70be4e00ef36846d
  fia: 7b24928999b332a798d90a9b886ffaf708a47e39
  FiaIOS: 3b823e65ce65566eed452c99c66691a6c5ef9a1e
  Flutter: e0871f40cf51350855a761d2e70bf5af5b9b5de7
  PLCrashReporter: db59ef96fa3d25f3650040d02ec2798cffee75f2

PODFILE CHECKSUM: e30f02f9d1c72c47bb6344a0a748c9d268180865

COCOAPODS: 1.16.2
