PODS:
  - DeviceIntelligenceIOS (1.1.1):
    - DeviceKit
    - PLCrashReporter
  - DeviceKit (5.8.0)
  - fia (0.0.1):
    - FiaIOS (~> 1.2.1)
    - Flutter
  - FiaIOS (1.2.1):
    - DeviceIntelligenceIOS (~> 1.1.1)
  - Flutter (1.0.0)
  - PLCrashReporter (1.12.0)

DEPENDENCIES:
  - fia (from `.symlinks/plugins/fia/ios`)
  - Flutter (from `Flutter`)

SPEC REPOS:
  trunk:
    - DeviceIntelligenceIOS
    - DeviceKit
    - FiaIOS
    - PLCrashReporter

EXTERNAL SOURCES:
  fia:
    :path: ".symlinks/plugins/fia/ios"
  Flutter:
    :path: Flutter

SPEC CHECKSUMS:
  DeviceIntelligenceIOS: 19cd47e678e218244da50267d3d8d445d757ef1a
  DeviceKit: 57636054c827d171a22baa3fd320b65a70f3fda7
  fia: 570b2b66a919dc1ed67323be5afc5a04b2683581
  FiaIOS: 52781cb0bfc4fc2abb14ab2ed4f7de56715c8e9c
  Flutter: e0871f40cf51350855a761d2e70bf5af5b9b5de7
  PLCrashReporter: db59ef96fa3d25f3650040d02ec2798cffee75f2

PODFILE CHECKSUM: e30f02f9d1c72c47bb6344a0a748c9d268180865

COCOAPODS: 1.16.2
